github.com/cpuguy83/go-md2man/v2 v2.0.6/go.mod h1:oOW0eioCTA6cOiMLiUPZOpcVxMig6NIQQ7OS05n1F4g=
github.com/davecgh/go-spew v1.1.0/go.mod h1:J7Y8YcW2NihsgmVo/mv3lAwl/skON4iLHjSsI+c5H38=
github.com/davecgh/go-spew v1.1.1 h1:vj9j/u1bqnvCEfJOwUhtlOARqs3+rkHYY13jYWTU97c=
github.com/davecgh/go-spew v1.1.1/go.mod h1:J7Y8YcW2NihsgmVo/mv3lAwl/skON4iLHjSsI+c5H38=
github.com/ebitengine/gomobile v0.0.0-20250923094054-ea854a63cce1 h1:+kz5iTT3L7uU+VhlMfTb8hHcxLO3TlaELlX8wa4XjA0=
github.com/ebitengine/gomobile v0.0.0-20250923094054-ea854a63cce1/go.mod h1:lKJoeixeJwnFmYsBny4vvCJGVFc3aYDalhuDsfZzWHI=
github.com/ebitengine/hideconsole v1.0.0 h1:5J4U0kXF+pv/DhiXt5/lTz0eO5ogJ1iXb8Yj1yReDqE=
github.com/ebitengine/hideconsole v1.0.0/go.mod h1:hTTBTvVYWKBuxPr7peweneWdkUwEuHuB3C1R/ielR1A=
github.com/ebitengine/oto/v3 v3.4.0 h1:br0PgASsEWaoWn38b2Goe7m1GKFYfNgnsjSd5Gg+/bQ=
github.com/ebitengine/oto/v3 v3.4.0/go.mod h1:IOleLVD0m+CMak3mRVwsYY8vTctQgOM0iiL6S7Ar7eI=
github.com/ebitengine/purego v0.9.1 h1:a/k2f2HQU3Pi399RPW1MOaZyhKJL9w/xFpKAg4q1s0A=
github.com/ebitengine/purego v0.9.1/go.mod h1:iIjxzd6CiRiOG0UyXP+V1+jWqUXVjPKLAI0mRfJZTmQ=
github.com/hajimehoshi/bitmapfont/v3 v3.2.0 h1:0DISQM/rseKIJhdF29AkhvdzIULqNIIlXAGWit4ez1Q=
github.com/hajimehoshi/bitmapfont/v3 v3.2.0/go.mod h1:8gLqGatKVu0pwcNCJguW3Igg9WQqVXF0zg/RvrGQWyg=
github.com/hajimehoshi/ebiten/v2 v2.8.9 h1:qUkI++Dq5Jzcwio5vOIZj6kAkzvei9S3X9zrUJIKJDA=
github.com/hajimehoshi/ebiten/v2 v2.8.9/go.mod h1:2W03LiNMJj7+mFtYbnZlSLoxovd2bpg4FzQR0pZhzAA=
github.com/inconshreveable/mousetrap v1.1.0 h1:wN+x4NVGpMsO7ErUn/mUI3vEoE6Jt13X2s0bqwp9tc8=
github.com/inconshreveable/mousetrap v1.1.0/go.mod h1:vpF70FUmC8bwa3OWnCshd2FqLfsEA9PFc4w1p2J65bw=
github.com/jezek/xgb v1.3.0 h1:Wa1pn4GVtcmNVAVB6/pnQVJ7xPFZVZ/W1Tc27msDhgI=
github.com/jezek/xgb v1.3.0/go.mod h1:nrhwO0FX/enq75I7Y7G8iN1ubpSGZEiA3v9e9GyRFlk=
github.com/mattn/go-runewidth v0.0.3 h1:a+kO+98RDGEfo6asOGMmpodZq4FNtnGP54yps8BzLR4=
github.com/mattn/go-runewidth v0.0.3/go.mod h1:LwmH8dsx7+W8Uxz3IHJYH5QSwggIsqBzpuz5H//U1FU=
github.com/peterh/liner v1.2.2 h1:aJ4AOodmL+JxOZZEL2u9iJf8omNRpqHc/EbrK+3mAXw=
github.com/peterh/liner v1.2.2/go.mod h1:xFwJyiKIXJZUKItq5dGHZSTBRAuG/CpeNpWLyiNRNwI=
github.com/pierrec/lz4/v4 v4.1.21 h1:yOVMLb6qSIDP67pl/5F7RepeKYu/VmTyEXvuMI5d9mQ=
github.com/pierrec/lz4/v4 v4.1.21/go.mod h1:gZWDp/Ze/IJXGXf23ltt2EXimqmTUXEy0GFuRQyBid4=
github.com/pkg/errors v0.9.1 h1:FEBLx1zS214owpjy7qsBeixbURkuhQAwrK5UwLGTwt4=
github.com/pkg/errors v0.9.1/go.mod h1:bwawxfHBFNV+L2hUp1rHADufV3IMtnDRdf1r5NINEl0=
github.com/pkg/profile v1.6.0 h1:hUDfIISABYI59DyeB3OTay/HxSRwTQ8rB/H83k6r5dM=
github.com/pkg/profile v1.6.0/go.mod h1:qBsxPvzyUincmltOk6iyRVxHYg4adc0OFOv72ZdLa18=
github.com/pmezard/go-difflib v1.0.0 h1:4DBwDE0NGyQoBHbLQYPwSUPoCMWR5BEzIk/f1lZbAQM=
github.com/pmezard/go-difflib v1.0.0/go.mod h1:iKH77koFhYxTK1pcRnkKkqfTogsbg7gZNVY4sRDYZ/4=
github.com/russross/blackfriday/v2 v2.1.0/go.mod h1:+Rmxgy9KzJVeS9/2gXHxylqXiyQDYRxCVz55jmeOWTM=
github.com/spf13/cobra v1.10.1 h1:lJeBwCfmrnXthfAupyUTzJ/J4Nc1RsHC/mSRU2dll/s=
github.com/spf13/cobra v1.10.1/go.mod h1:7SmJGaTHFVBY0jW4NXGluQoLvhqFQM+6XSKD+P4XaB0=
github.com/spf13/pflag v1.0.9 h1:9exaQaMOCwffKiiiYk6/BndUBv+iRViNW+4lEMi0PvY=
github.com/spf13/pflag v1.0.9/go.mod h1:McXfInJRrz4CZXVZOBLb0bTZqETkiAhM9Iw0y3An2Bg=
github.com/stretchr/objx v0.1.0/go.mod h1:HFkY916IF+rwdDfMAkV7OtwuqBVzrE8GR6GFx+wExME=
github.com/stretchr/testify v1.7.0 h1:nwc3DEeHmmLAfoZucVR881uASk0Mfjw8xYJ99tb5CcY=
github.com/stretchr/testify v1.7.0/go.mod h1:6Fq8oRcR53rry900zMqJjRRixrwX3KX962/h/Wwjteg=
golang.org/x/exp v0.0.0-20240525044651-4c93da0ed11d h1:N0hmiNbwsSNwHBAvR3QB5w25pUwH4tK0Y/RltD1j1h4=
golang.org/x/exp v0.0.0-20240525044651-4c93da0ed11d/go.mod h1:XtvwrStGgqGPLc4cjQfWqZHG1YFdYs6swckp8vpsjnc=
golang.org/x/image v0.31.0 h1:mLChjE2MV6g1S7oqbXC0/UcKijjm5fnJLUYKIYrLESA=
golang.org/x/image v0.31.0/go.mod h1:R9ec5Lcp96v9FTF+ajwaH3uGxPH4fKfHHAVbUILxghA=
golang.org/x/sync v0.19.0 h1:vV+1eWNmZ5geRlYjzm2adRgW2/mcpevXNg50YZtPCE4=
golang.org/x/sync v0.19.0/go.mod h1:9KTHXmSnoGruLpwFjVSX0lNNA75CykiMECbovNTZqGI=
golang.org/x/sys v0.0.0-20211117180635-dee7805ff2e1/go.mod h1:oPkhp1MJrh7nUepCBck5+mAzfO9JrbApNNgaTdGDITg=
golang.org/x/sys v0.40.0 h1:DBZZqJ2Rkml6QMQsZywtnjnnGvHza6BTfYFWY9kjEWQ=
golang.org/x/sys v0.40.0/go.mod h1:OgkHotnGiDImocRcuBABYBEXf8A9a87e/uXjp9XT3ks=
golang.org/x/text v0.29.0 h1:1neNs90w9YzJ9BocxfsQNHKuAT4pkghyXc4nhZ6sJvk=
golang.org/x/text v0.29.0/go.mod h1:7MhJOA9CD2qZyOKYazxdYMF85OwPdEr9jTtBpO7ydH4=
gopkg.in/check.v1 v0.0.0-20161208181325-20d25e280405 h1:yhCVgyC4o1eVCa2tZl7eS0r+SDo693bJlVdllGtEeKM=
gopkg.in/check.v1 v0.0.0-20161208181325-20d25e280405/go.mod h1:Co6ibVJAznAaIkqp8huTwlJQCZ016jof/cbN4VW5Yz0=
gopkg.in/yaml.v3 v3.0.0-20200313102051-9f266ea9e77c/go.mod h1:K4uyk7z7BCEPqu6E+C64Yfv1cQ7kz7rIZviUmN+EgEM=
gopkg.in/yaml.v3 v3.0.1 h1:fxVm/GzAzEWqLHuvctI91KS9hhNmmWOoWu0XTYJS7CA=
gopkg.in/yaml.v3 v3.0.1/go.mod h1:K4uyk7z7BCEPqu6E+C64Yfv1cQ7kz7rIZviUmN+EgEM=
